
Microsoft Visual Studio Solution File, Format Version 12.00
# Visual Studio Version 17
VisualStudioVersion = 17.0.31903.59
MinimumVisualStudioVersion = 10.0.40219.1
Project("{2150E333-8FDC-42A3-9474-1A3956D46DE8}") = "src", "src", "{827E0CD3-B72D-47B6-A68D-7590B98EB39B}"
EndProject
Project("{FAE04EC0-301F-11D3-BF4B-00C04F79EFBC}") = "SMS.Domain", "src\SMS.Domain\SMS.Domain.csproj", "{73E219BF-6DE3-4755-9446-CEB12D4FC054}"
EndProject
Project("{FAE04EC0-301F-11D3-BF4B-00C04F79EFBC}") = "SMS.Application", "src\SMS.Application\SMS.Application.csproj", "{AECAD533-83C8-443D-B0D4-370E5D8FFE43}"
EndProject
Project("{FAE04EC0-301F-11D3-BF4B-00C04F79EFBC}") = "SMS.Infrastructure", "src\SMS.Infrastructure\SMS.Infrastructure.csproj", "{2745AAF7-FCBA-4267-97AB-38F90D1572CA}"
EndProject
Project("{FAE04EC0-301F-11D3-BF4B-00C04F79EFBC}") = "SMS.API", "src\SMS.API\SMS.API.csproj", "{D726DF0A-7DD5-4414-991D-8E26194C0508}"
EndProject
Global
	GlobalSection(SolutionConfigurationPlatforms) = preSolution
		Debug|Any CPU = Debug|Any CPU
		Debug|x64 = Debug|x64
		Debug|x86 = Debug|x86
		Release|Any CPU = Release|Any CPU
		Release|x64 = Release|x64
		Release|x86 = Release|x86
	EndGlobalSection
	GlobalSection(ProjectConfigurationPlatforms) = postSolution
		{73E219BF-6DE3-4755-9446-CEB12D4FC054}.Debug|Any CPU.ActiveCfg = Debug|Any CPU
		{73E219BF-6DE3-4755-9446-CEB12D4FC054}.Debug|Any CPU.Build.0 = Debug|Any CPU
		{73E219BF-6DE3-4755-9446-CEB12D4FC054}.Debug|x64.ActiveCfg = Debug|Any CPU
		{73E219BF-6DE3-4755-9446-CEB12D4FC054}.Debug|x64.Build.0 = Debug|Any CPU
		{73E219BF-6DE3-4755-9446-CEB12D4FC054}.Debug|x86.ActiveCfg = Debug|Any CPU
		{73E219BF-6DE3-4755-9446-CEB12D4FC054}.Debug|x86.Build.0 = Debug|Any CPU
		{73E219BF-6DE3-4755-9446-CEB12D4FC054}.Release|Any CPU.ActiveCfg = Release|Any CPU
		{73E219BF-6DE3-4755-9446-CEB12D4FC054}.Release|Any CPU.Build.0 = Release|Any CPU
		{73E219BF-6DE3-4755-9446-CEB12D4FC054}.Release|x64.ActiveCfg = Release|Any CPU
		{73E219BF-6DE3-4755-9446-CEB12D4FC054}.Release|x64.Build.0 = Release|Any CPU
		{73E219BF-6DE3-4755-9446-CEB12D4FC054}.Release|x86.ActiveCfg = Release|Any CPU
		{73E219BF-6DE3-4755-9446-CEB12D4FC054}.Release|x86.Build.0 = Release|Any CPU
		{AECAD533-83C8-443D-B0D4-370E5D8FFE43}.Debug|Any CPU.ActiveCfg = Debug|Any CPU
		{AECAD533-83C8-443D-B0D4-370E5D8FFE43}.Debug|Any CPU.Build.0 = Debug|Any CPU
		{AECAD533-83C8-443D-B0D4-370E5D8FFE43}.Debug|x64.ActiveCfg = Debug|Any CPU
		{AECAD533-83C8-443D-B0D4-370E5D8FFE43}.Debug|x64.Build.0 = Debug|Any CPU
		{AECAD533-83C8-443D-B0D4-370E5D8FFE43}.Debug|x86.ActiveCfg = Debug|Any CPU
		{AECAD533-83C8-443D-B0D4-370E5D8FFE43}.Debug|x86.Build.0 = Debug|Any CPU
		{AECAD533-83C8-443D-B0D4-370E5D8FFE43}.Release|Any CPU.ActiveCfg = Release|Any CPU
		{AECAD533-83C8-443D-B0D4-370E5D8FFE43}.Release|Any CPU.Build.0 = Release|Any CPU
		{AECAD533-83C8-443D-B0D4-370E5D8FFE43}.Release|x64.ActiveCfg = Release|Any CPU
		{AECAD533-83C8-443D-B0D4-370E5D8FFE43}.Release|x64.Build.0 = Release|Any CPU
		{AECAD533-83C8-443D-B0D4-370E5D8FFE43}.Release|x86.ActiveCfg = Release|Any CPU
		{AECAD533-83C8-443D-B0D4-370E5D8FFE43}.Release|x86.Build.0 = Release|Any CPU
		{2745AAF7-FCBA-4267-97AB-38F90D1572CA}.Debug|Any CPU.ActiveCfg = Debug|Any CPU
		{2745AAF7-FCBA-4267-97AB-38F90D1572CA}.Debug|Any CPU.Build.0 = Debug|Any CPU
		{2745AAF7-FCBA-4267-97AB-38F90D1572CA}.Debug|x64.ActiveCfg = Debug|Any CPU
		{2745AAF7-FCBA-4267-97AB-38F90D1572CA}.Debug|x64.Build.0 = Debug|Any CPU
		{2745AAF7-FCBA-4267-97AB-38F90D1572CA}.Debug|x86.ActiveCfg = Debug|Any CPU
		{2745AAF7-FCBA-4267-97AB-38F90D1572CA}.Debug|x86.Build.0 = Debug|Any CPU
		{2745AAF7-FCBA-4267-97AB-38F90D1572CA}.Release|Any CPU.ActiveCfg = Release|Any CPU
		{2745AAF7-FCBA-4267-97AB-38F90D1572CA}.Release|Any CPU.Build.0 = Release|Any CPU
		{2745AAF7-FCBA-4267-97AB-38F90D1572CA}.Release|x64.ActiveCfg = Release|Any CPU
		{2745AAF7-FCBA-4267-97AB-38F90D1572CA}.Release|x64.Build.0 = Release|Any CPU
		{2745AAF7-FCBA-4267-97AB-38F90D1572CA}.Release|x86.ActiveCfg = Release|Any CPU
		{2745AAF7-FCBA-4267-97AB-38F90D1572CA}.Release|x86.Build.0 = Release|Any CPU
		{D726DF0A-7DD5-4414-991D-8E26194C0508}.Debug|Any CPU.ActiveCfg = Debug|Any CPU
		{D726DF0A-7DD5-4414-991D-8E26194C0508}.Debug|Any CPU.Build.0 = Debug|Any CPU
		{D726DF0A-7DD5-4414-991D-8E26194C0508}.Debug|x64.ActiveCfg = Debug|Any CPU
		{D726DF0A-7DD5-4414-991D-8E26194C0508}.Debug|x64.Build.0 = Debug|Any CPU
		{D726DF0A-7DD5-4414-991D-8E26194C0508}.Debug|x86.ActiveCfg = Debug|Any CPU
		{D726DF0A-7DD5-4414-991D-8E26194C0508}.Debug|x86.Build.0 = Debug|Any CPU
		{D726DF0A-7DD5-4414-991D-8E26194C0508}.Release|Any CPU.ActiveCfg = Release|Any CPU
		{D726DF0A-7DD5-4414-991D-8E26194C0508}.Release|Any CPU.Build.0 = Release|Any CPU
		{D726DF0A-7DD5-4414-991D-8E26194C0508}.Release|x64.ActiveCfg = Release|Any CPU
		{D726DF0A-7DD5-4414-991D-8E26194C0508}.Release|x64.Build.0 = Release|Any CPU
		{D726DF0A-7DD5-4414-991D-8E26194C0508}.Release|x86.ActiveCfg = Release|Any CPU
		{D726DF0A-7DD5-4414-991D-8E26194C0508}.Release|x86.Build.0 = Release|Any CPU
	EndGlobalSection
	GlobalSection(SolutionProperties) = preSolution
		HideSolutionNode = FALSE
	EndGlobalSection
	GlobalSection(NestedProjects) = preSolution
		{73E219BF-6DE3-4755-9446-CEB12D4FC054} = {827E0CD3-B72D-47B6-A68D-7590B98EB39B}
		{AECAD533-83C8-443D-B0D4-370E5D8FFE43} = {827E0CD3-B72D-47B6-A68D-7590B98EB39B}
		{2745AAF7-FCBA-4267-97AB-38F90D1572CA} = {827E0CD3-B72D-47B6-A68D-7590B98EB39B}
		{D726DF0A-7DD5-4414-991D-8E26194C0508} = {827E0CD3-B72D-47B6-A68D-7590B98EB39B}
	EndGlobalSection
EndGlobal
